PODS:
  - appmetrica_sdk (0.0.1):
    - Flutter
    - YandexMobileMetrica/Dynamic (= 3.11.1)
  - Flutter (1.0.0)
  - YandexMobileMetrica/Dynamic (3.11.1):
    - YandexMobileMetrica/Dynamic/Core (= 3.11.1)
    - YandexMobileMetrica/Dynamic/Crashes (= 3.11.1)
  - YandexMobileMetrica/Dynamic/Core (3.11.1)
  - YandexMobileMetrica/Dynamic/Crashes (3.11.1):
    - YandexMobileMetrica/Dynamic/Core

DEPENDENCIES:
  - appmetrica_sdk (from `.symlinks/plugins/appmetrica_sdk/ios`)
  - Flutter (from `Flutter`)

SPEC REPOS:
  trunk:
    - YandexMobileMetrica

EXTERNAL SOURCES:
  appmetrica_sdk:
    :path: ".symlinks/plugins/appmetrica_sdk/ios"
  Flutter:
    :path: Flutter

SPEC CHECKSUMS:
  appmetrica_sdk: cbd6c90a0d4926207cb07014a7c41cd4ea97b0ea
  Flutter: 0e3d915762c693b495b44d77113d4970485de6ec
  YandexMobileMetrica: e985e1f77e405390a2d13f11741d86ff2f00c4ce

PODFILE CHECKSUM: f32fb4e7c14f8b3ca19a369d7be425dd9241af27

COCOAPODS: 1.8.3
