PODS:
  - appmetrica_sdk (0.0.1):
    - Flutter
    - YandexMobileMetrica/Dynamic (= 4.0.0)
  - Flutter (1.0.0)
  - YandexMobileMetrica/Dynamic (4.0.0):
    - YandexMobileMetrica/Dynamic/Core (= 4.0.0)
    - YandexMobileMetrica/Dynamic/Crashes (= 4.0.0)
  - YandexMobileMetrica/Dynamic/Core (4.0.0)
  - YandexMobileMetrica/Dynamic/Crashes (4.0.0):
    - YandexMobileMetrica/Dynamic/Core

DEPENDENCIES:
  - appmetrica_sdk (from `.symlinks/plugins/appmetrica_sdk/ios`)
  - Flutter (from `Flutter`)

SPEC REPOS:
  trunk:
    - YandexMobileMetrica

EXTERNAL SOURCES:
  appmetrica_sdk:
    :path: ".symlinks/plugins/appmetrica_sdk/ios"
  Flutter:
    :path: Flutter

SPEC CHECKSUMS:
  appmetrica_sdk: 297f0873dc56e5c2f3fbbca41a82aaeb4cadb039
  Flutter: 50d75fe2f02b26cc09d224853bb45737f8b3214a
  YandexMobileMetrica: 85ba4c1a6839985d58bf45ec7f915e433525b094

PODFILE CHECKSUM: aafe91acc616949ddb318b77800a7f51bffa2a4c

COCOAPODS: 1.10.1
